
Microsoft Visual Studio Solution File, Format Version 12.00
# Visual Studio 15
VisualStudioVersion = 15.0.27703.2042
MinimumVisualStudioVersion = 10.0.40219.1
Project("{FAE04EC0-301F-11D3-BF4B-00C04F79EFBC}") = "Gestion_des_notes", "Gestion_des_notes\Gestion_des_notes.csproj", "{C29BFF82-EB13-459C-B04B-FC5E0AA80963}"
EndProject
Global
	GlobalSection(SolutionConfigurationPlatforms) = preSolution
		Debug|Any CPU = Debug|Any CPU
		Release|Any CPU = Release|Any CPU
	EndGlobalSection
	GlobalSection(ProjectConfigurationPlatforms) = postSolution
		{C29BFF82-EB13-459C-B04B-FC5E0AA80963}.Debug|Any CPU.ActiveCfg = Debug|Any CPU
		{C29BFF82-EB13-459C-B04B-FC5E0AA80963}.Debug|Any CPU.Build.0 = Debug|Any CPU
		{C29BFF82-EB13-459C-B04B-FC5E0AA80963}.Release|Any CPU.ActiveCfg = Release|Any CPU
		{C29BFF82-EB13-459C-B04B-FC5E0AA80963}.Release|Any CPU.Build.0 = Release|Any CPU
	EndGlobalSection
	GlobalSection(SolutionProperties) = preSolution
		HideSolutionNode = FALSE
	EndGlobalSection
	GlobalSection(ExtensibilityGlobals) = postSolution
		SolutionGuid = {F0CE8B30-9F4B-46F7-A599-8FA911C99902}
	EndGlobalSection
EndGlobal
